// !$*UTF8*$!
{
	archiveVersion = 1;
	classes = {
	};
	objectVersion = 48;
	objects = {

/* Begin PBXBuildFile section */
		ADCAD1691EF117FD00FF45AB /* AppDelegate.swift in Sources */ = {isa = PBXBuildFile; fileRef = ADCAD1681EF117FD00FF45AB /* AppDelegate.swift */; };
		ADCAD16B1EF117FD00FF45AB /* ViewController.swift in Sources */ = {isa = PBXBuildFile; fileRef = ADCAD16A1EF117FD00FF45AB /* ViewController.swift */; };
		ADCAD16E1EF117FD00FF45AB /* Main.storyboard in Resources */ = {isa = PBXBuildFile; fileRef = ADCAD16C1EF117FD00FF45AB /* Main.storyboard */; };
		ADCAD1701EF117FD00FF45AB /* Assets.xcassets in Resources */ = {isa = PBXBuildFile; fileRef = ADCAD16F1EF117FD00FF45AB /* Assets.xcassets */; };
		ADCAD1731EF117FD00FF45AB /* LaunchScreen.storyboard in Resources */ = {isa = PBXBuildFile; fileRef = ADCAD1711EF117FD00FF45AB /* LaunchScreen.storyboard */; };
		ADCAD1801EF11B2F00FF45AB /* PHIPickerViewController.xib in Resources */ = {isa = PBXBuildFile; fileRef = ADCAD17A1EF11B2F00FF45AB /* PHIPickerViewController.xib */; };
		ADCAD1811EF11B2F00FF45AB /* PHIOptionTableViewCell.xib in Resources */ = {isa = PBXBuildFile; fileRef = ADCAD17B1EF11B2F00FF45AB /* PHIOptionTableViewCell.xib */; };
		ADCAD1821EF11B2F00FF45AB /* PHIEditableOptionTableViewCell.xib in Resources */ = {isa = PBXBuildFile; fileRef = ADCAD17C1EF11B2F00FF45AB /* PHIEditableOptionTableViewCell.xib */; };
		ADCAD1831EF11B2F00FF45AB /* PHIPickerViewController.swift in Sources */ = {isa = PBXBuildFile; fileRef = ADCAD17D1EF11B2F00FF45AB /* PHIPickerViewController.swift */; };
		ADCAD1841EF11B2F00FF45AB /* PHIEditableOptionTableViewCell.swift in Sources */ = {isa = PBXBuildFile; fileRef = ADCAD17E1EF11B2F00FF45AB /* PHIEditableOptionTableViewCell.swift */; };
		ADCAD1851EF11B2F00FF45AB /* PHIOptionTableViewCell.swift in Sources */ = {isa = PBXBuildFile; fileRef = ADCAD17F1EF11B2F00FF45AB /* PHIOptionTableViewCell.swift */; };
/* End PBXBuildFile section */

/* Begin PBXFileReference section */
		ADCAD1651EF117FD00FF45AB /* PHIEditablePicker.app */ = {isa = PBXFileReference; explicitFileType = wrapper.application; includeInIndex = 0; path = PHIEditablePicker.app; sourceTree = BUILT_PRODUCTS_DIR; };
		ADCAD1681EF117FD00FF45AB /* AppDelegate.swift */ = {isa = PBXFileReference; lastKnownFileType = sourcecode.swift; path = AppDelegate.swift; sourceTree = "<group>"; };
		ADCAD16A1EF117FD00FF45AB /* ViewController.swift */ = {isa = PBXFileReference; lastKnownFileType = sourcecode.swift; path = ViewController.swift; sourceTree = "<group>"; };
		ADCAD16D1EF117FD00FF45AB /* Base */ = {isa = PBXFileReference; lastKnownFileType = file.storyboard; name = Base; path = Base.lproj/Main.storyboard; sourceTree = "<group>"; };
		ADCAD16F1EF117FD00FF45AB /* Assets.xcassets */ = {isa = PBXFileReference; lastKnownFileType = folder.assetcatalog; path = Assets.xcassets; sourceTree = "<group>"; };
		ADCAD1721EF117FD00FF45AB /* Base */ = {isa = PBXFileReference; lastKnownFileType = file.storyboard; name = Base; path = Base.lproj/LaunchScreen.storyboard; sourceTree = "<group>"; };
		ADCAD1741EF117FD00FF45AB /* Info.plist */ = {isa = PBXFileReference; lastKnownFileType = text.plist.xml; path = Info.plist; sourceTree = "<group>"; };
		ADCAD17A1EF11B2F00FF45AB /* PHIPickerViewController.xib */ = {isa = PBXFileReference; fileEncoding = 4; lastKnownFileType = file.xib; path = PHIPickerViewController.xib; sourceTree = "<group>"; };
		ADCAD17B1EF11B2F00FF45AB /* PHIOptionTableViewCell.xib */ = {isa = PBXFileReference; fileEncoding = 4; lastKnownFileType = file.xib; path = PHIOptionTableViewCell.xib; sourceTree = "<group>"; };
		ADCAD17C1EF11B2F00FF45AB /* PHIEditableOptionTableViewCell.xib */ = {isa = PBXFileReference; fileEncoding = 4; lastKnownFileType = file.xib; path = PHIEditableOptionTableViewCell.xib; sourceTree = "<group>"; };
		ADCAD17D1EF11B2F00FF45AB /* PHIPickerViewController.swift */ = {isa = PBXFileReference; fileEncoding = 4; lastKnownFileType = sourcecode.swift; path = PHIPickerViewController.swift; sourceTree = "<group>"; };
		ADCAD17E1EF11B2F00FF45AB /* PHIEditableOptionTableViewCell.swift */ = {isa = PBXFileReference; fileEncoding = 4; lastKnownFileType = sourcecode.swift; path = PHIEditableOptionTableViewCell.swift; sourceTree = "<group>"; };
		ADCAD17F1EF11B2F00FF45AB /* PHIOptionTableViewCell.swift */ = {isa = PBXFileReference; fileEncoding = 4; lastKnownFileType = sourcecode.swift; path = PHIOptionTableViewCell.swift; sourceTree = "<group>"; };
/* End PBXFileReference section */

/* Begin PBXFrameworksBuildPhase section */
		ADCAD1621EF117FD00FF45AB /* Frameworks */ = {
			isa = PBXFrameworksBuildPhase;
			buildActionMask = 2147483647;
			files = (
			);
			runOnlyForDeploymentPostprocessing = 0;
		};
/* End PBXFrameworksBuildPhase section */

/* Begin PBXGroup section */
		ADCAD15C1EF117FD00FF45AB = {
			isa = PBXGroup;
			children = (
				ADCAD1671EF117FD00FF45AB /* PHIEditablePicker */,
				ADCAD1661EF117FD00FF45AB /* Products */,
			);
			sourceTree = "<group>";
		};
		ADCAD1661EF117FD00FF45AB /* Products */ = {
			isa = PBXGroup;
			children = (
				ADCAD1651EF117FD00FF45AB /* PHIEditablePicker.app */,
			);
			name = Products;
			sourceTree = "<group>";
		};
		ADCAD1671EF117FD00FF45AB /* PHIEditablePicker */ = {
			isa = PBXGroup;
			children = (
				ADCAD1681EF117FD00FF45AB /* AppDelegate.swift */,
				ADCAD16F1EF117FD00FF45AB /* Assets.xcassets */,
				ADCAD1861EF11B3400FF45AB /* Component */,
				ADCAD1741EF117FD00FF45AB /* Info.plist */,
				ADCAD1711EF117FD00FF45AB /* LaunchScreen.storyboard */,
				ADCAD16C1EF117FD00FF45AB /* Main.storyboard */,
				ADCAD16A1EF117FD00FF45AB /* ViewController.swift */,
			);
			path = PHIEditablePicker;
			sourceTree = "<group>";
		};
		ADCAD1861EF11B3400FF45AB /* Component */ = {
			isa = PBXGroup;
			children = (
				ADCAD17E1EF11B2F00FF45AB /* PHIEditableOptionTableViewCell.swift */,
				ADCAD17C1EF11B2F00FF45AB /* PHIEditableOptionTableViewCell.xib */,
				ADCAD17F1EF11B2F00FF45AB /* PHIOptionTableViewCell.swift */,
				ADCAD17B1EF11B2F00FF45AB /* PHIOptionTableViewCell.xib */,
				ADCAD17D1EF11B2F00FF45AB /* PHIPickerViewController.swift */,
				ADCAD17A1EF11B2F00FF45AB /* PHIPickerViewController.xib */,
			);
			path = Component;
			sourceTree = "<group>";
		};
/* End PBXGroup section */

/* Begin PBXNativeTarget section */
		ADCAD1641EF117FD00FF45AB /* PHIEditablePicker */ = {
			isa = PBXNativeTarget;
			buildConfigurationList = ADCAD1771EF117FD00FF45AB /* Build configuration list for PBXNativeTarget "PHIEditablePicker" */;
			buildPhases = (
				ADCAD1611EF117FD00FF45AB /* Sources */,
				ADCAD1621EF117FD00FF45AB /* Frameworks */,
				ADCAD1631EF117FD00FF45AB /* Resources */,
			);
			buildRules = (
			);
			dependencies = (
			);
			name = PHIEditablePicker;
			productName = PHIEditablePicker;
			productReference = ADCAD1651EF117FD00FF45AB /* PHIEditablePicker.app */;
			productType = "com.apple.product-type.application";
		};
/* End PBXNativeTarget section */

/* Begin PBXProject section */
		ADCAD15D1EF117FD00FF45AB /* Project object */ = {
			isa = PBXProject;
			attributes = {
				LastSwiftUpdateCheck = 0900;
				LastUpgradeCheck = 0900;
				ORGANIZATIONNAME = phi161;
				TargetAttributes = {
					ADCAD1641EF117FD00FF45AB = {
						CreatedOnToolsVersion = 9.0;
					};
				};
			};
			buildConfigurationList = ADCAD1601EF117FD00FF45AB /* Build configuration list for PBXProject "PHIEditablePicker" */;
			compatibilityVersion = "Xcode 8.0";
			developmentRegion = en;
			hasScannedForEncodings = 0;
			knownRegions = (
				en,
				Base,
			);
			mainGroup = ADCAD15C1EF117FD00FF45AB;
			productRefGroup = ADCAD1661EF117FD00FF45AB /* Products */;
			projectDirPath = "";
			projectRoot = "";
			targets = (
				ADCAD1641EF117FD00FF45AB /* PHIEditablePicker */,
			);
		};
/* End PBXProject section */

/* Begin PBXResourcesBuildPhase section */
		ADCAD1631EF117FD00FF45AB /* Resources */ = {
			isa = PBXResourcesBuildPhase;
			buildActionMask = 2147483647;
			files = (
				ADCAD1731EF117FD00FF45AB /* LaunchScreen.storyboard in Resources */,
				ADCAD1701EF117FD00FF45AB /* Assets.xcassets in Resources */,
				ADCAD1821EF11B2F00FF45AB /* PHIEditableOptionTableViewCell.xib in Resources */,
				ADCAD1801EF11B2F00FF45AB /* PHIPickerViewController.xib in Resources */,
				ADCAD1811EF11B2F00FF45AB /* PHIOptionTableViewCell.xib in Resources */,
				ADCAD16E1EF117FD00FF45AB /* Main.storyboard in Resources */,
			);
			runOnlyForDeploymentPostprocessing = 0;
		};
/* End PBXResourcesBuildPhase section */

/* Begin PBXSourcesBuildPhase section */
		ADCAD1611EF117FD00FF45AB /* Sources */ = {
			isa = PBXSourcesBuildPhase;
			buildActionMask = 2147483647;
			files = (
				ADCAD1831EF11B2F00FF45AB /* PHIPickerViewController.swift in Sources */,
				ADCAD16B1EF117FD00FF45AB /* ViewController.swift in Sources */,
				ADCAD1841EF11B2F00FF45AB /* PHIEditableOptionTableViewCell.swift in Sources */,
				ADCAD1851EF11B2F00FF45AB /* PHIOptionTableViewCell.swift in Sources */,
				ADCAD1691EF117FD00FF45AB /* AppDelegate.swift in Sources */,
			);
			runOnlyForDeploymentPostprocessing = 0;
		};
/* End PBXSourcesBuildPhase section */

/* Begin PBXVariantGroup section */
		ADCAD16C1EF117FD00FF45AB /* Main.storyboard */ = {
			isa = PBXVariantGroup;
			children = (
				ADCAD16D1EF117FD00FF45AB /* Base */,
			);
			name = Main.storyboard;
			sourceTree = "<group>";
		};
		ADCAD1711EF117FD00FF45AB /* LaunchScreen.storyboard */ = {
			isa = PBXVariantGroup;
			children = (
				ADCAD1721EF117FD00FF45AB /* Base */,
			);
			name = LaunchScreen.storyboard;
			sourceTree = "<group>";
		};
/* End PBXVariantGroup section */

/* Begin XCBuildConfiguration section */
		ADCAD1751EF117FD00FF45AB /* Debug */ = {
			isa = XCBuildConfiguration;
			buildSettings = {
				ALWAYS_SEARCH_USER_PATHS = NO;
				CLANG_ANALYZER_NONNULL = YES;
				CLANG_ANALYZER_NUMBER_OBJECT_CONVERSION = YES_AGGRESSIVE;
				CLANG_CXX_LANGUAGE_STANDARD = "gnu++14";
				CLANG_CXX_LIBRARY = "libc++";
				CLANG_ENABLE_MODULES = YES;
				CLANG_ENABLE_OBJC_ARC = YES;
				CLANG_WARN_BLOCK_CAPTURE_AUTORELEASING = YES;
				CLANG_WARN_BOOL_CONVERSION = YES;
				CLANG_WARN_COMMA = YES;
				CLANG_WARN_CONSTANT_CONVERSION = YES;
				CLANG_WARN_DIRECT_OBJC_ISA_USAGE = YES_ERROR;
				CLANG_WARN_DOCUMENTATION_COMMENTS = YES;
				CLANG_WARN_EMPTY_BODY = YES;
				CLANG_WARN_ENUM_CONVERSION = YES;
				CLANG_WARN_INFINITE_RECURSION = YES;
				CLANG_WARN_INT_CONVERSION = YES;
				CLANG_WARN_OBJC_ROOT_CLASS = YES_ERROR;
				CLANG_WARN_RANGE_LOOP_ANALYSIS = YES;
				CLANG_WARN_STRICT_PROTOTYPES = YES;
				CLANG_WARN_SUSPICIOUS_MOVE = YES;
				CLANG_WARN_UNGUARDED_AVAILABILITY = YES_AGGRESSIVE;
				CLANG_WARN_UNREACHABLE_CODE = YES;
				CLANG_WARN__DUPLICATE_METHOD_MATCH = YES;
				CODE_SIGN_IDENTITY = "iPhone Developer";
				COPY_PHASE_STRIP = NO;
				DEBUG_INFORMATION_FORMAT = dwarf;
				ENABLE_STRICT_OBJC_MSGSEND = YES;
				ENABLE_TESTABILITY = YES;
				GCC_C_LANGUAGE_STANDARD = gnu11;
				GCC_DYNAMIC_NO_PIC = NO;
				GCC_NO_COMMON_BLOCKS = YES;
				GCC_OPTIMIZATION_LEVEL = 0;
				GCC_PREPROCESSOR_DEFINITIONS = (
					"DEBUG=1",
					"$(inherited)",
				);
				GCC_WARN_64_TO_32_BIT_CONVERSION = YES;
				GCC_WARN_ABOUT_RETURN_TYPE = YES_ERROR;
				GCC_WARN_UNDECLARED_SELECTOR = YES;
				GCC_WARN_UNINITIALIZED_AUTOS = YES_AGGRESSIVE;
				GCC_WARN_UNUSED_FUNCTION = YES;
				GCC_WARN_UNUSED_VARIABLE = YES;
				IPHONEOS_DEPLOYMENT_TARGET = 11.0;
				MTL_ENABLE_DEBUG_INFO = YES;
				ONLY_ACTIVE_ARCH = YES;
				SDKROOT = iphoneos;
				SWIFT_ACTIVE_COMPILATION_CONDITIONS = DEBUG;
				SWIFT_OPTIMIZATION_LEVEL = "-Onone";
			};
			name = Debug;
		};
		ADCAD1761EF117FD00FF45AB /* Release */ = {
			isa = XCBuildConfiguration;
			buildSettings = {
				ALWAYS_SEARCH_USER_PATHS = NO;
				CLANG_ANALYZER_NONNULL = YES;
				CLANG_ANALYZER_NUMBER_OBJECT_CONVERSION = YES_AGGRESSIVE;
				CLANG_CXX_LANGUAGE_STANDARD = "gnu++14";
				CLANG_CXX_LIBRARY = "libc++";
				CLANG_ENABLE_MODULES = YES;
				CLANG_ENABLE_OBJC_ARC = YES;
				CLANG_WARN_BLOCK_CAPTURE_AUTORELEASING = YES;
				CLANG_WARN_BOOL_CONVERSION = YES;
				CLANG_WARN_COMMA = YES;
				CLANG_WARN_CONSTANT_CONVERSION = YES;
				CLANG_WARN_DIRECT_OBJC_ISA_USAGE = YES_ERROR;
				CLANG_WARN_DOCUMENTATION_COMMENTS = YES;
				CLANG_WARN_EMPTY_BODY = YES;
				CLANG_WARN_ENUM_CONVERSION = YES;
				CLANG_WARN_INFINITE_RECURSION = YES;
				CLANG_WARN_INT_CONVERSION = YES;
				CLANG_WARN_OBJC_ROOT_CLASS = YES_ERROR;
				CLANG_WARN_RANGE_LOOP_ANALYSIS = YES;
				CLANG_WARN_STRICT_PROTOTYPES = YES;
				CLANG_WARN_SUSPICIOUS_MOVE = YES;
				CLANG_WARN_UNGUARDED_AVAILABILITY = YES_AGGRESSIVE;
				CLANG_WARN_UNREACHABLE_CODE = YES;
				CLANG_WARN__DUPLICATE_METHOD_MATCH = YES;
				CODE_SIGN_IDENTITY = "iPhone Developer";
				COPY_PHASE_STRIP = NO;
				DEBUG_INFORMATION_FORMAT = "dwarf-with-dsym";
				ENABLE_NS_ASSERTIONS = NO;
				ENABLE_STRICT_OBJC_MSGSEND = YES;
				GCC_C_LANGUAGE_STANDARD = gnu11;
				GCC_NO_COMMON_BLOCKS = YES;
				GCC_WARN_64_TO_32_BIT_CONVERSION = YES;
				GCC_WARN_ABOUT_RETURN_TYPE = YES_ERROR;
				GCC_WARN_UNDECLARED_SELECTOR = YES;
				GCC_WARN_UNINITIALIZED_AUTOS = YES_AGGRESSIVE;
				GCC_WARN_UNUSED_FUNCTION = YES;
				GCC_WARN_UNUSED_VARIABLE = YES;
				IPHONEOS_DEPLOYMENT_TARGET = 11.0;
				MTL_ENABLE_DEBUG_INFO = NO;
				SDKROOT = iphoneos;
				SWIFT_OPTIMIZATION_LEVEL = "-Owholemodule";
				VALIDATE_PRODUCT = YES;
			};
			name = Release;
		};
		ADCAD1781EF117FD00FF45AB /* Debug */ = {
			isa = XCBuildConfiguration;
			buildSettings = {
				ASSETCATALOG_COMPILER_APPICON_NAME = AppIcon;
				INFOPLIST_FILE = PHIEditablePicker/Info.plist;
				LD_RUNPATH_SEARCH_PATHS = "$(inherited) @executable_path/Frameworks";
				PRODUCT_BUNDLE_IDENTIFIER = io.github.phi161.PHIEditablePicker;
				PRODUCT_NAME = "$(TARGET_NAME)";
				SWIFT_VERSION = 4.0;
				TARGETED_DEVICE_FAMILY = "1,2";
			};
			name = Debug;
		};
		ADCAD1791EF117FD00FF45AB /* Release */ = {
			isa = XCBuildConfiguration;
			buildSettings = {
				ASSETCATALOG_COMPILER_APPICON_NAME = AppIcon;
				INFOPLIST_FILE = PHIEditablePicker/Info.plist;
				LD_RUNPATH_SEARCH_PATHS = "$(inherited) @executable_path/Frameworks";
				PRODUCT_BUNDLE_IDENTIFIER = io.github.phi161.PHIEditablePicker;
				PRODUCT_NAME = "$(TARGET_NAME)";
				SWIFT_VERSION = 4.0;
				TARGETED_DEVICE_FAMILY = "1,2";
			};
			name = Release;
		};
/* End XCBuildConfiguration section */

/* Begin XCConfigurationList section */
		ADCAD1601EF117FD00FF45AB /* Build configuration list for PBXProject "PHIEditablePicker" */ = {
			isa = XCConfigurationList;
			buildConfigurations = (
				ADCAD1751EF117FD00FF45AB /* Debug */,
				ADCAD1761EF117FD00FF45AB /* Release */,
			);
			defaultConfigurationIsVisible = 0;
			defaultConfigurationName = Release;
		};
		ADCAD1771EF117FD00FF45AB /* Build configuration list for PBXNativeTarget "PHIEditablePicker" */ = {
			isa = XCConfigurationList;
			buildConfigurations = (
				ADCAD1781EF117FD00FF45AB /* Debug */,
				ADCAD1791EF117FD00FF45AB /* Release */,
			);
			defaultConfigurationIsVisible = 0;
		};
/* End XCConfigurationList section */
	};
	rootObject = ADCAD15D1EF117FD00FF45AB /* Project object */;
}
